PODS:
  - AACarousel (1.1.1)
  - Alamofire (4.8.1)
  - AlamofireImage (3.5.0):
    - Alamofire (~> 4.8)
  - EDStarRating (1.1)
  - LGSideMenuController (2.1.1)
  - SDWebImage (4.4.6):
    - SDWebImage/Core (= 4.4.6)
  - SDWebImage/Core (4.4.6)

DEPENDENCIES:
  - AACarousel
  - Alamofire
  - AlamofireImage
  - EDStarRating
  - LGSideMenuController
  - SDWebImage (~> 4.0)

SPEC REPOS:
  https://github.com/cocoapods/specs.git:
    - AACarousel
    - Alamofire
    - AlamofireImage
    - EDStarRating
    - LGSideMenuController
    - SDWebImage

SPEC CHECKSUMS:
  AACarousel: e0dbd2d3153c56c36df8aa282553f20fc88e132b
  Alamofire: 16ce2c353fb72865124ddae8a57c5942388f4f11
  AlamofireImage: 1aea346f4dda2f6c67622fa5a89fcbb80d79cc16
  EDStarRating: a41a6440a945020745d0e9ff8ada7d1afa952114
  LGSideMenuController: ae40c80983ab8b8801c7cef0a6804d43aaa72d45
  SDWebImage: 3f3f0c02f09798048c47a5ed0a13f17b063572d8

PODFILE CHECKSUM: bdd635323217f07ce8bc66f44f27c7fba4785d08

COCOAPODS: 1.6.1
