// !$*UTF8*$!
{
	archiveVersion = 1;
	classes = {
	};
	objectVersion = 50;
	objects = {

/* Begin PBXBuildFile section */
		1809454E224BAABB00D98F0A /* AppDelegate.swift in Sources */ = {isa = PBXBuildFile; fileRef = 1809454D224BAABB00D98F0A /* AppDelegate.swift */; };
		18094550224BAABB00D98F0A /* SplashScreenVC.swift in Sources */ = {isa = PBXBuildFile; fileRef = 1809454F224BAABB00D98F0A /* SplashScreenVC.swift */; };
		18094553224BAABB00D98F0A /* Main.storyboard in Resources */ = {isa = PBXBuildFile; fileRef = 18094551224BAABB00D98F0A /* Main.storyboard */; };
		18094555224BAACE00D98F0A /* Assets.xcassets in Resources */ = {isa = PBXBuildFile; fileRef = 18094554224BAACE00D98F0A /* Assets.xcassets */; };
		18094558224BAACE00D98F0A /* LaunchScreen.storyboard in Resources */ = {isa = PBXBuildFile; fileRef = 18094556224BAACE00D98F0A /* LaunchScreen.storyboard */; };
		181070CF224D02F70000BD85 /* TripVC.swift in Sources */ = {isa = PBXBuildFile; fileRef = 181070CE224D02F70000BD85 /* TripVC.swift */; };
		181070D1224D03140000BD85 /* ProfileVC.swift in Sources */ = {isa = PBXBuildFile; fileRef = 181070D0224D03140000BD85 /* ProfileVC.swift */; };
		185CBA3C224C91D40036C4DF /* HomePageVC.swift in Sources */ = {isa = PBXBuildFile; fileRef = 185CBA3B224C91D40036C4DF /* HomePageVC.swift */; };
		185CBA3F224C94CF0036C4DF /* LoginPageVC.swift in Sources */ = {isa = PBXBuildFile; fileRef = 185CBA3E224C94CF0036C4DF /* LoginPageVC.swift */; };
		185CBA42224C974C0036C4DF /* Reachability.swift in Sources */ = {isa = PBXBuildFile; fileRef = 185CBA41224C974C0036C4DF /* Reachability.swift */; };
		1896EF012251F2450004E45C /* AFHTTPRequestOperation.m in Sources */ = {isa = PBXBuildFile; fileRef = 1896EEEF2251F2450004E45C /* AFHTTPRequestOperation.m */; };
		1896EF022251F2450004E45C /* AFHTTPRequestOperationManager.m in Sources */ = {isa = PBXBuildFile; fileRef = 1896EEF12251F2450004E45C /* AFHTTPRequestOperationManager.m */; };
		1896EF032251F2450004E45C /* AFHTTPSessionManager.m in Sources */ = {isa = PBXBuildFile; fileRef = 1896EEF32251F2450004E45C /* AFHTTPSessionManager.m */; };
		1896EF042251F2450004E45C /* AFNetworkReachabilityManager.m in Sources */ = {isa = PBXBuildFile; fileRef = 1896EEF62251F2450004E45C /* AFNetworkReachabilityManager.m */; };
		1896EF052251F2450004E45C /* AFSecurityPolicy.m in Sources */ = {isa = PBXBuildFile; fileRef = 1896EEF82251F2450004E45C /* AFSecurityPolicy.m */; };
		1896EF062251F2450004E45C /* AFURLConnectionOperation.m in Sources */ = {isa = PBXBuildFile; fileRef = 1896EEFA2251F2450004E45C /* AFURLConnectionOperation.m */; };
		1896EF072251F2450004E45C /* AFURLRequestSerialization.m in Sources */ = {isa = PBXBuildFile; fileRef = 1896EEFC2251F2450004E45C /* AFURLRequestSerialization.m */; };
		1896EF082251F2450004E45C /* AFURLResponseSerialization.m in Sources */ = {isa = PBXBuildFile; fileRef = 1896EEFE2251F2450004E45C /* AFURLResponseSerialization.m */; };
		1896EF092251F2450004E45C /* AFURLSessionManager.m in Sources */ = {isa = PBXBuildFile; fileRef = 1896EF002251F2450004E45C /* AFURLSessionManager.m */; };
		F1C68B65D7C5A39EF0873397 /* Pods_UniOrient.framework in Frameworks */ = {isa = PBXBuildFile; fileRef = 23E70546DC3668C9B22E0EEB /* Pods_UniOrient.framework */; };
/* End PBXBuildFile section */

/* Begin PBXFileReference section */
		1809454A224BAABB00D98F0A /* UniOrient.app */ = {isa = PBXFileReference; explicitFileType = wrapper.application; includeInIndex = 0; path = UniOrient.app; sourceTree = BUILT_PRODUCTS_DIR; };
		1809454D224BAABB00D98F0A /* AppDelegate.swift */ = {isa = PBXFileReference; lastKnownFileType = sourcecode.swift; path = AppDelegate.swift; sourceTree = "<group>"; };
		1809454F224BAABB00D98F0A /* SplashScreenVC.swift */ = {isa = PBXFileReference; lastKnownFileType = sourcecode.swift; path = SplashScreenVC.swift; sourceTree = "<group>"; };
		18094552224BAABB00D98F0A /* Base */ = {isa = PBXFileReference; lastKnownFileType = file.storyboard; name = Base; path = Base.lproj/Main.storyboard; sourceTree = "<group>"; };
		18094554224BAACE00D98F0A /* Assets.xcassets */ = {isa = PBXFileReference; lastKnownFileType = folder.assetcatalog; path = Assets.xcassets; sourceTree = "<group>"; };
		18094557224BAACE00D98F0A /* Base */ = {isa = PBXFileReference; lastKnownFileType = file.storyboard; name = Base; path = Base.lproj/LaunchScreen.storyboard; sourceTree = "<group>"; };
		18094559224BAACE00D98F0A /* Info.plist */ = {isa = PBXFileReference; lastKnownFileType = text.plist.xml; path = Info.plist; sourceTree = "<group>"; };
		1809455F224BAF1200D98F0A /* UniOrient-Bridging-Header.h */ = {isa = PBXFileReference; lastKnownFileType = sourcecode.c.h; path = "UniOrient-Bridging-Header.h"; sourceTree = "<group>"; };
		181070CE224D02F70000BD85 /* TripVC.swift */ = {isa = PBXFileReference; lastKnownFileType = sourcecode.swift; path = TripVC.swift; sourceTree = "<group>"; };
		181070D0224D03140000BD85 /* ProfileVC.swift */ = {isa = PBXFileReference; lastKnownFileType = sourcecode.swift; path = ProfileVC.swift; sourceTree = "<group>"; };
		185CBA3B224C91D40036C4DF /* HomePageVC.swift */ = {isa = PBXFileReference; lastKnownFileType = sourcecode.swift; path = HomePageVC.swift; sourceTree = "<group>"; };
		185CBA3E224C94CF0036C4DF /* LoginPageVC.swift */ = {isa = PBXFileReference; lastKnownFileType = sourcecode.swift; path = LoginPageVC.swift; sourceTree = "<group>"; };
		185CBA41224C974C0036C4DF /* Reachability.swift */ = {isa = PBXFileReference; fileEncoding = 4; lastKnownFileType = sourcecode.swift; path = Reachability.swift; sourceTree = "<group>"; };
		1896EEEE2251F2450004E45C /* AFHTTPRequestOperation.h */ = {isa = PBXFileReference; fileEncoding = 4; lastKnownFileType = sourcecode.c.h; path = AFHTTPRequestOperation.h; sourceTree = "<group>"; };
		1896EEEF2251F2450004E45C /* AFHTTPRequestOperation.m */ = {isa = PBXFileReference; fileEncoding = 4; lastKnownFileType = sourcecode.c.objc; path = AFHTTPRequestOperation.m; sourceTree = "<group>"; };
		1896EEF02251F2450004E45C /* AFHTTPRequestOperationManager.h */ = {isa = PBXFileReference; fileEncoding = 4; lastKnownFileType = sourcecode.c.h; path = AFHTTPRequestOperationManager.h; sourceTree = "<group>"; };
		1896EEF12251F2450004E45C /* AFHTTPRequestOperationManager.m */ = {isa = PBXFileReference; fileEncoding = 4; lastKnownFileType = sourcecode.c.objc; path = AFHTTPRequestOperationManager.m; sourceTree = "<group>"; };
		1896EEF22251F2450004E45C /* AFHTTPSessionManager.h */ = {isa = PBXFileReference; fileEncoding = 4; lastKnownFileType = sourcecode.c.h; path = AFHTTPSessionManager.h; sourceTree = "<group>"; };
		1896EEF32251F2450004E45C /* AFHTTPSessionManager.m */ = {isa = PBXFileReference; fileEncoding = 4; lastKnownFileType = sourcecode.c.objc; path = AFHTTPSessionManager.m; sourceTree = "<group>"; };
		1896EEF42251F2450004E45C /* AFNetworking.h */ = {isa = PBXFileReference; fileEncoding = 4; lastKnownFileType = sourcecode.c.h; path = AFNetworking.h; sourceTree = "<group>"; };
		1896EEF52251F2450004E45C /* AFNetworkReachabilityManager.h */ = {isa = PBXFileReference; fileEncoding = 4; lastKnownFileType = sourcecode.c.h; path = AFNetworkReachabilityManager.h; sourceTree = "<group>"; };
		1896EEF62251F2450004E45C /* AFNetworkReachabilityManager.m */ = {isa = PBXFileReference; fileEncoding = 4; lastKnownFileType = sourcecode.c.objc; path = AFNetworkReachabilityManager.m; sourceTree = "<group>"; };
		1896EEF72251F2450004E45C /* AFSecurityPolicy.h */ = {isa = PBXFileReference; fileEncoding = 4; lastKnownFileType = sourcecode.c.h; path = AFSecurityPolicy.h; sourceTree = "<group>"; };
		1896EEF82251F2450004E45C /* AFSecurityPolicy.m */ = {isa = PBXFileReference; fileEncoding = 4; lastKnownFileType = sourcecode.c.objc; path = AFSecurityPolicy.m; sourceTree = "<group>"; };
		1896EEF92251F2450004E45C /* AFURLConnectionOperation.h */ = {isa = PBXFileReference; fileEncoding = 4; lastKnownFileType = sourcecode.c.h; path = AFURLConnectionOperation.h; sourceTree = "<group>"; };
		1896EEFA2251F2450004E45C /* AFURLConnectionOperation.m */ = {isa = PBXFileReference; fileEncoding = 4; lastKnownFileType = sourcecode.c.objc; path = AFURLConnectionOperation.m; sourceTree = "<group>"; };
		1896EEFB2251F2450004E45C /* AFURLRequestSerialization.h */ = {isa = PBXFileReference; fileEncoding = 4; lastKnownFileType = sourcecode.c.h; path = AFURLRequestSerialization.h; sourceTree = "<group>"; };
		1896EEFC2251F2450004E45C /* AFURLRequestSerialization.m */ = {isa = PBXFileReference; fileEncoding = 4; lastKnownFileType = sourcecode.c.objc; path = AFURLRequestSerialization.m; sourceTree = "<group>"; };
		1896EEFD2251F2450004E45C /* AFURLResponseSerialization.h */ = {isa = PBXFileReference; fileEncoding = 4; lastKnownFileType = sourcecode.c.h; path = AFURLResponseSerialization.h; sourceTree = "<group>"; };
		1896EEFE2251F2450004E45C /* AFURLResponseSerialization.m */ = {isa = PBXFileReference; fileEncoding = 4; lastKnownFileType = sourcecode.c.objc; path = AFURLResponseSerialization.m; sourceTree = "<group>"; };
		1896EEFF2251F2450004E45C /* AFURLSessionManager.h */ = {isa = PBXFileReference; fileEncoding = 4; lastKnownFileType = sourcecode.c.h; path = AFURLSessionManager.h; sourceTree = "<group>"; };
		1896EF002251F2450004E45C /* AFURLSessionManager.m */ = {isa = PBXFileReference; fileEncoding = 4; lastKnownFileType = sourcecode.c.objc; path = AFURLSessionManager.m; sourceTree = "<group>"; };
		23E70546DC3668C9B22E0EEB /* Pods_UniOrient.framework */ = {isa = PBXFileReference; explicitFileType = wrapper.framework; includeInIndex = 0; path = Pods_UniOrient.framework; sourceTree = BUILT_PRODUCTS_DIR; };
		8AFD6BEAB71C8FC5D3A9A145 /* Pods-UniOrient.release.xcconfig */ = {isa = PBXFileReference; includeInIndex = 1; lastKnownFileType = text.xcconfig; name = "Pods-UniOrient.release.xcconfig"; path = "Pods/Target Support Files/Pods-UniOrient/Pods-UniOrient.release.xcconfig"; sourceTree = "<group>"; };
		CF3F7A9001F3F8B2E196ACFD /* Pods-UniOrient.debug.xcconfig */ = {isa = PBXFileReference; includeInIndex = 1; lastKnownFileType = text.xcconfig; name = "Pods-UniOrient.debug.xcconfig"; path = "Pods/Target Support Files/Pods-UniOrient/Pods-UniOrient.debug.xcconfig"; sourceTree = "<group>"; };
/* End PBXFileReference section */

/* Begin PBXFrameworksBuildPhase section */
		18094547224BAABB00D98F0A /* Frameworks */ = {
			isa = PBXFrameworksBuildPhase;
			buildActionMask = 2147483647;
			files = (
				F1C68B65D7C5A39EF0873397 /* Pods_UniOrient.framework in Frameworks */,
			);
			runOnlyForDeploymentPostprocessing = 0;
		};
/* End PBXFrameworksBuildPhase section */

/* Begin PBXGroup section */
		18094541224BAABA00D98F0A = {
			isa = PBXGroup;
			children = (
				1809454C224BAABB00D98F0A /* UniOrient */,
				1809454B224BAABB00D98F0A /* Products */,
				441C0E1A3E6CC5FDAF45FF78 /* Pods */,
				D32037CDDD1D591AE02BFFBA /* Frameworks */,
			);
			sourceTree = "<group>";
		};
		1809454B224BAABB00D98F0A /* Products */ = {
			isa = PBXGroup;
			children = (
				1809454A224BAABB00D98F0A /* UniOrient.app */,
			);
			name = Products;
			sourceTree = "<group>";
		};
		1809454C224BAABB00D98F0A /* UniOrient */ = {
			isa = PBXGroup;
			children = (
				1809454D224BAABB00D98F0A /* AppDelegate.swift */,
				18094551224BAABB00D98F0A /* Main.storyboard */,
				18094554224BAACE00D98F0A /* Assets.xcassets */,
				18094556224BAACE00D98F0A /* LaunchScreen.storyboard */,
				18094559224BAACE00D98F0A /* Info.plist */,
				1809455F224BAF1200D98F0A /* UniOrient-Bridging-Header.h */,
				185CBA3A224C8F970036C4DF /* controllers */,
				185CBA40224C971F0036C4DF /* Utilities */,
			);
			path = UniOrient;
			sourceTree = "<group>";
		};
		185CBA3A224C8F970036C4DF /* controllers */ = {
			isa = PBXGroup;
			children = (
				185CBA3D224C94B60036C4DF /* Login */,
				1809454F224BAABB00D98F0A /* SplashScreenVC.swift */,
				185CBA3B224C91D40036C4DF /* HomePageVC.swift */,
				181070CE224D02F70000BD85 /* TripVC.swift */,
				181070D0224D03140000BD85 /* ProfileVC.swift */,
			);
			path = controllers;
			sourceTree = "<group>";
		};
		185CBA3D224C94B60036C4DF /* Login */ = {
			isa = PBXGroup;
			children = (
				185CBA3E224C94CF0036C4DF /* LoginPageVC.swift */,
			);
			path = Login;
			sourceTree = "<group>";
		};
		185CBA40224C971F0036C4DF /* Utilities */ = {
			isa = PBXGroup;
			children = (
				1896EEED2251F2450004E45C /* AFNetworking */,
				185CBA41224C974C0036C4DF /* Reachability.swift */,
			);
			path = Utilities;
			sourceTree = "<group>";
		};
		1896EEED2251F2450004E45C /* AFNetworking */ = {
			isa = PBXGroup;
			children = (
				1896EEEE2251F2450004E45C /* AFHTTPRequestOperation.h */,
				1896EEEF2251F2450004E45C /* AFHTTPRequestOperation.m */,
				1896EEF02251F2450004E45C /* AFHTTPRequestOperationManager.h */,
				1896EEF12251F2450004E45C /* AFHTTPRequestOperationManager.m */,
				1896EEF22251F2450004E45C /* AFHTTPSessionManager.h */,
				1896EEF32251F2450004E45C /* AFHTTPSessionManager.m */,
				1896EEF42251F2450004E45C /* AFNetworking.h */,
				1896EEF52251F2450004E45C /* AFNetworkReachabilityManager.h */,
				1896EEF62251F2450004E45C /* AFNetworkReachabilityManager.m */,
				1896EEF72251F2450004E45C /* AFSecurityPolicy.h */,
				1896EEF82251F2450004E45C /* AFSecurityPolicy.m */,
				1896EEF92251F2450004E45C /* AFURLConnectionOperation.h */,
				1896EEFA2251F2450004E45C /* AFURLConnectionOperation.m */,
				1896EEFB2251F2450004E45C /* AFURLRequestSerialization.h */,
				1896EEFC2251F2450004E45C /* AFURLRequestSerialization.m */,
				1896EEFD2251F2450004E45C /* AFURLResponseSerialization.h */,
				1896EEFE2251F2450004E45C /* AFURLResponseSerialization.m */,
				1896EEFF2251F2450004E45C /* AFURLSessionManager.h */,
				1896EF002251F2450004E45C /* AFURLSessionManager.m */,
			);
			path = AFNetworking;
			sourceTree = "<group>";
		};
		441C0E1A3E6CC5FDAF45FF78 /* Pods */ = {
			isa = PBXGroup;
			children = (
				CF3F7A9001F3F8B2E196ACFD /* Pods-UniOrient.debug.xcconfig */,
				8AFD6BEAB71C8FC5D3A9A145 /* Pods-UniOrient.release.xcconfig */,
			);
			name = Pods;
			sourceTree = "<group>";
		};
		D32037CDDD1D591AE02BFFBA /* Frameworks */ = {
			isa = PBXGroup;
			children = (
				23E70546DC3668C9B22E0EEB /* Pods_UniOrient.framework */,
			);
			name = Frameworks;
			sourceTree = "<group>";
		};
/* End PBXGroup section */

/* Begin PBXNativeTarget section */
		18094549224BAABB00D98F0A /* UniOrient */ = {
			isa = PBXNativeTarget;
			buildConfigurationList = 1809455C224BAACE00D98F0A /* Build configuration list for PBXNativeTarget "UniOrient" */;
			buildPhases = (
				82710C3542FBE7BE10CE5465 /* [CP] Check Pods Manifest.lock */,
				18094546224BAABB00D98F0A /* Sources */,
				18094547224BAABB00D98F0A /* Frameworks */,
				18094548224BAABB00D98F0A /* Resources */,
				DA181398F2F42588352ABF51 /* [CP] Embed Pods Frameworks */,
			);
			buildRules = (
			);
			dependencies = (
			);
			name = UniOrient;
			productName = UniOrient;
			productReference = 1809454A224BAABB00D98F0A /* UniOrient.app */;
			productType = "com.apple.product-type.application";
		};
/* End PBXNativeTarget section */

/* Begin PBXProject section */
		18094542224BAABA00D98F0A /* Project object */ = {
			isa = PBXProject;
			attributes = {
				LastSwiftUpdateCheck = 1010;
				LastUpgradeCheck = 1010;
				ORGANIZATIONNAME = APPLE;
				TargetAttributes = {
					18094549224BAABB00D98F0A = {
						CreatedOnToolsVersion = 10.1;
						LastSwiftMigration = 1010;
					};
				};
			};
			buildConfigurationList = 18094545224BAABA00D98F0A /* Build configuration list for PBXProject "UniOrient" */;
			compatibilityVersion = "Xcode 9.3";
			developmentRegion = en;
			hasScannedForEncodings = 0;
			knownRegions = (
				en,
				Base,
			);
			mainGroup = 18094541224BAABA00D98F0A;
			productRefGroup = 1809454B224BAABB00D98F0A /* Products */;
			projectDirPath = "";
			projectRoot = "";
			targets = (
				18094549224BAABB00D98F0A /* UniOrient */,
			);
		};
/* End PBXProject section */

/* Begin PBXResourcesBuildPhase section */
		18094548224BAABB00D98F0A /* Resources */ = {
			isa = PBXResourcesBuildPhase;
			buildActionMask = 2147483647;
			files = (
				18094558224BAACE00D98F0A /* LaunchScreen.storyboard in Resources */,
				18094555224BAACE00D98F0A /* Assets.xcassets in Resources */,
				18094553224BAABB00D98F0A /* Main.storyboard in Resources */,
			);
			runOnlyForDeploymentPostprocessing = 0;
		};
/* End PBXResourcesBuildPhase section */

/* Begin PBXShellScriptBuildPhase section */
		82710C3542FBE7BE10CE5465 /* [CP] Check Pods Manifest.lock */ = {
			isa = PBXShellScriptBuildPhase;
			buildActionMask = 2147483647;
			files = (
			);
			inputFileListPaths = (
			);
			inputPaths = (
				"${PODS_PODFILE_DIR_PATH}/Podfile.lock",
				"${PODS_ROOT}/Manifest.lock",
			);
			name = "[CP] Check Pods Manifest.lock";
			outputFileListPaths = (
			);
			outputPaths = (
				"$(DERIVED_FILE_DIR)/Pods-UniOrient-checkManifestLockResult.txt",
			);
			runOnlyForDeploymentPostprocessing = 0;
			shellPath = /bin/sh;
			shellScript = "diff \"${PODS_PODFILE_DIR_PATH}/Podfile.lock\" \"${PODS_ROOT}/Manifest.lock\" > /dev/null\nif [ $? != 0 ] ; then\n    # print error to STDERR\n    echo \"error: The sandbox is not in sync with the Podfile.lock. Run 'pod install' or update your CocoaPods installation.\" >&2\n    exit 1\nfi\n# This output is used by Xcode 'outputs' to avoid re-running this script phase.\necho \"SUCCESS\" > \"${SCRIPT_OUTPUT_FILE_0}\"\n";
			showEnvVarsInLog = 0;
		};
		DA181398F2F42588352ABF51 /* [CP] Embed Pods Frameworks */ = {
			isa = PBXShellScriptBuildPhase;
			buildActionMask = 2147483647;
			files = (
			);
			inputFileListPaths = (
			);
			inputPaths = (
				"${SRCROOT}/Pods/Target Support Files/Pods-UniOrient/Pods-UniOrient-frameworks.sh",
				"${BUILT_PRODUCTS_DIR}/Alamofire/Alamofire.framework",
				"${BUILT_PRODUCTS_DIR}/AlamofireImage/AlamofireImage.framework",
			);
			name = "[CP] Embed Pods Frameworks";
			outputFileListPaths = (
			);
			outputPaths = (
				"${TARGET_BUILD_DIR}/${FRAMEWORKS_FOLDER_PATH}/Alamofire.framework",
				"${TARGET_BUILD_DIR}/${FRAMEWORKS_FOLDER_PATH}/AlamofireImage.framework",
			);
			runOnlyForDeploymentPostprocessing = 0;
			shellPath = /bin/sh;
			shellScript = "\"${SRCROOT}/Pods/Target Support Files/Pods-UniOrient/Pods-UniOrient-frameworks.sh\"\n";
			showEnvVarsInLog = 0;
		};
/* End PBXShellScriptBuildPhase section */

/* Begin PBXSourcesBuildPhase section */
		18094546224BAABB00D98F0A /* Sources */ = {
			isa = PBXSourcesBuildPhase;
			buildActionMask = 2147483647;
			files = (
				181070D1224D03140000BD85 /* ProfileVC.swift in Sources */,
				18094550224BAABB00D98F0A /* SplashScreenVC.swift in Sources */,
				1896EF032251F2450004E45C /* AFHTTPSessionManager.m in Sources */,
				1896EF042251F2450004E45C /* AFNetworkReachabilityManager.m in Sources */,
				1896EF012251F2450004E45C /* AFHTTPRequestOperation.m in Sources */,
				1896EF072251F2450004E45C /* AFURLRequestSerialization.m in Sources */,
				1896EF062251F2450004E45C /* AFURLConnectionOperation.m in Sources */,
				1896EF092251F2450004E45C /* AFURLSessionManager.m in Sources */,
				1809454E224BAABB00D98F0A /* AppDelegate.swift in Sources */,
				185CBA3C224C91D40036C4DF /* HomePageVC.swift in Sources */,
				181070CF224D02F70000BD85 /* TripVC.swift in Sources */,
				185CBA42224C974C0036C4DF /* Reachability.swift in Sources */,
				1896EF052251F2450004E45C /* AFSecurityPolicy.m in Sources */,
				1896EF022251F2450004E45C /* AFHTTPRequestOperationManager.m in Sources */,
				185CBA3F224C94CF0036C4DF /* LoginPageVC.swift in Sources */,
				1896EF082251F2450004E45C /* AFURLResponseSerialization.m in Sources */,
			);
			runOnlyForDeploymentPostprocessing = 0;
		};
/* End PBXSourcesBuildPhase section */

/* Begin PBXVariantGroup section */
		18094551224BAABB00D98F0A /* Main.storyboard */ = {
			isa = PBXVariantGroup;
			children = (
				18094552224BAABB00D98F0A /* Base */,
			);
			name = Main.storyboard;
			sourceTree = "<group>";
		};
		18094556224BAACE00D98F0A /* LaunchScreen.storyboard */ = {
			isa = PBXVariantGroup;
			children = (
				18094557224BAACE00D98F0A /* Base */,
			);
			name = LaunchScreen.storyboard;
			sourceTree = "<group>";
		};
/* End PBXVariantGroup section */

/* Begin XCBuildConfiguration section */
		1809455A224BAACE00D98F0A /* Debug */ = {
			isa = XCBuildConfiguration;
			buildSettings = {
				ALWAYS_SEARCH_USER_PATHS = NO;
				CLANG_ANALYZER_NONNULL = YES;
				CLANG_ANALYZER_NUMBER_OBJECT_CONVERSION = YES_AGGRESSIVE;
				CLANG_CXX_LANGUAGE_STANDARD = "gnu++14";
				CLANG_CXX_LIBRARY = "libc++";
				CLANG_ENABLE_MODULES = YES;
				CLANG_ENABLE_OBJC_ARC = YES;
				CLANG_ENABLE_OBJC_WEAK = YES;
				CLANG_WARN_BLOCK_CAPTURE_AUTORELEASING = YES;
				CLANG_WARN_BOOL_CONVERSION = YES;
				CLANG_WARN_COMMA = YES;
				CLANG_WARN_CONSTANT_CONVERSION = YES;
				CLANG_WARN_DEPRECATED_OBJC_IMPLEMENTATIONS = YES;
				CLANG_WARN_DIRECT_OBJC_ISA_USAGE = YES_ERROR;
				CLANG_WARN_DOCUMENTATION_COMMENTS = YES;
				CLANG_WARN_EMPTY_BODY = YES;
				CLANG_WARN_ENUM_CONVERSION = YES;
				CLANG_WARN_INFINITE_RECURSION = YES;
				CLANG_WARN_INT_CONVERSION = YES;
				CLANG_WARN_NON_LITERAL_NULL_CONVERSION = YES;
				CLANG_WARN_OBJC_IMPLICIT_RETAIN_SELF = YES;
				CLANG_WARN_OBJC_LITERAL_CONVERSION = YES;
				CLANG_WARN_OBJC_ROOT_CLASS = YES_ERROR;
				CLANG_WARN_RANGE_LOOP_ANALYSIS = YES;
				CLANG_WARN_STRICT_PROTOTYPES = YES;
				CLANG_WARN_SUSPICIOUS_MOVE = YES;
				CLANG_WARN_UNGUARDED_AVAILABILITY = YES_AGGRESSIVE;
				CLANG_WARN_UNREACHABLE_CODE = YES;
				CLANG_WARN__DUPLICATE_METHOD_MATCH = YES;
				CODE_SIGN_IDENTITY = "iPhone Developer";
				COPY_PHASE_STRIP = NO;
				DEBUG_INFORMATION_FORMAT = dwarf;
				ENABLE_STRICT_OBJC_MSGSEND = YES;
				ENABLE_TESTABILITY = YES;
				GCC_C_LANGUAGE_STANDARD = gnu11;
				GCC_DYNAMIC_NO_PIC = NO;
				GCC_NO_COMMON_BLOCKS = YES;
				GCC_OPTIMIZATION_LEVEL = 0;
				GCC_PREPROCESSOR_DEFINITIONS = (
					"DEBUG=1",
					"$(inherited)",
				);
				GCC_WARN_64_TO_32_BIT_CONVERSION = YES;
				GCC_WARN_ABOUT_RETURN_TYPE = YES_ERROR;
				GCC_WARN_UNDECLARED_SELECTOR = YES;
				GCC_WARN_UNINITIALIZED_AUTOS = YES_AGGRESSIVE;
				GCC_WARN_UNUSED_FUNCTION = YES;
				GCC_WARN_UNUSED_VARIABLE = YES;
				IPHONEOS_DEPLOYMENT_TARGET = 9.0;
				MTL_ENABLE_DEBUG_INFO = INCLUDE_SOURCE;
				MTL_FAST_MATH = YES;
				ONLY_ACTIVE_ARCH = YES;
				SDKROOT = iphoneos;
				SWIFT_ACTIVE_COMPILATION_CONDITIONS = DEBUG;
				SWIFT_OPTIMIZATION_LEVEL = "-Onone";
			};
			name = Debug;
		};
		1809455B224BAACE00D98F0A /* Release */ = {
			isa = XCBuildConfiguration;
			buildSettings = {
				ALWAYS_SEARCH_USER_PATHS = NO;
				CLANG_ANALYZER_NONNULL = YES;
				CLANG_ANALYZER_NUMBER_OBJECT_CONVERSION = YES_AGGRESSIVE;
				CLANG_CXX_LANGUAGE_STANDARD = "gnu++14";
				CLANG_CXX_LIBRARY = "libc++";
				CLANG_ENABLE_MODULES = YES;
				CLANG_ENABLE_OBJC_ARC = YES;
				CLANG_ENABLE_OBJC_WEAK = YES;
				CLANG_WARN_BLOCK_CAPTURE_AUTORELEASING = YES;
				CLANG_WARN_BOOL_CONVERSION = YES;
				CLANG_WARN_COMMA = YES;
				CLANG_WARN_CONSTANT_CONVERSION = YES;
				CLANG_WARN_DEPRECATED_OBJC_IMPLEMENTATIONS = YES;
				CLANG_WARN_DIRECT_OBJC_ISA_USAGE = YES_ERROR;
				CLANG_WARN_DOCUMENTATION_COMMENTS = YES;
				CLANG_WARN_EMPTY_BODY = YES;
				CLANG_WARN_ENUM_CONVERSION = YES;
				CLANG_WARN_INFINITE_RECURSION = YES;
				CLANG_WARN_INT_CONVERSION = YES;
				CLANG_WARN_NON_LITERAL_NULL_CONVERSION = YES;
				CLANG_WARN_OBJC_IMPLICIT_RETAIN_SELF = YES;
				CLANG_WARN_OBJC_LITERAL_CONVERSION = YES;
				CLANG_WARN_OBJC_ROOT_CLASS = YES_ERROR;
				CLANG_WARN_RANGE_LOOP_ANALYSIS = YES;
				CLANG_WARN_STRICT_PROTOTYPES = YES;
				CLANG_WARN_SUSPICIOUS_MOVE = YES;
				CLANG_WARN_UNGUARDED_AVAILABILITY = YES_AGGRESSIVE;
				CLANG_WARN_UNREACHABLE_CODE = YES;
				CLANG_WARN__DUPLICATE_METHOD_MATCH = YES;
				CODE_SIGN_IDENTITY = "iPhone Developer";
				COPY_PHASE_STRIP = NO;
				DEBUG_INFORMATION_FORMAT = "dwarf-with-dsym";
				ENABLE_NS_ASSERTIONS = NO;
				ENABLE_STRICT_OBJC_MSGSEND = YES;
				GCC_C_LANGUAGE_STANDARD = gnu11;
				GCC_NO_COMMON_BLOCKS = YES;
				GCC_WARN_64_TO_32_BIT_CONVERSION = YES;
				GCC_WARN_ABOUT_RETURN_TYPE = YES_ERROR;
				GCC_WARN_UNDECLARED_SELECTOR = YES;
				GCC_WARN_UNINITIALIZED_AUTOS = YES_AGGRESSIVE;
				GCC_WARN_UNUSED_FUNCTION = YES;
				GCC_WARN_UNUSED_VARIABLE = YES;
				IPHONEOS_DEPLOYMENT_TARGET = 9.0;
				MTL_ENABLE_DEBUG_INFO = NO;
				MTL_FAST_MATH = YES;
				SDKROOT = iphoneos;
				SWIFT_COMPILATION_MODE = wholemodule;
				SWIFT_OPTIMIZATION_LEVEL = "-O";
				VALIDATE_PRODUCT = YES;
			};
			name = Release;
		};
		1809455D224BAACE00D98F0A /* Debug */ = {
			isa = XCBuildConfiguration;
			baseConfigurationReference = CF3F7A9001F3F8B2E196ACFD /* Pods-UniOrient.debug.xcconfig */;
			buildSettings = {
				ASSETCATALOG_COMPILER_APPICON_NAME = AppIcon;
				CLANG_ENABLE_MODULES = YES;
				CODE_SIGN_STYLE = Automatic;
				DEVELOPMENT_TEAM = UXZ2SS39P5;
				INFOPLIST_FILE = UniOrient/Info.plist;
				IPHONEOS_DEPLOYMENT_TARGET = 9.0;
				LD_RUNPATH_SEARCH_PATHS = (
					"$(inherited)",
					"@executable_path/Frameworks",
				);
				PRODUCT_BUNDLE_IDENTIFIER = com.pt.UniOrient;
				PRODUCT_NAME = "$(TARGET_NAME)";
				SWIFT_OBJC_BRIDGING_HEADER = "UniOrient/UniOrient-Bridging-Header.h";
				SWIFT_OPTIMIZATION_LEVEL = "-Onone";
				SWIFT_VERSION = 4.2;
				TARGETED_DEVICE_FAMILY = 1;
			};
			name = Debug;
		};
		1809455E224BAACE00D98F0A /* Release */ = {
			isa = XCBuildConfiguration;
			baseConfigurationReference = 8AFD6BEAB71C8FC5D3A9A145 /* Pods-UniOrient.release.xcconfig */;
			buildSettings = {
				ASSETCATALOG_COMPILER_APPICON_NAME = AppIcon;
				CLANG_ENABLE_MODULES = YES;
				CODE_SIGN_STYLE = Automatic;
				DEVELOPMENT_TEAM = UXZ2SS39P5;
				INFOPLIST_FILE = UniOrient/Info.plist;
				IPHONEOS_DEPLOYMENT_TARGET = 9.0;
				LD_RUNPATH_SEARCH_PATHS = (
					"$(inherited)",
					"@executable_path/Frameworks",
				);
				PRODUCT_BUNDLE_IDENTIFIER = com.pt.UniOrient;
				PRODUCT_NAME = "$(TARGET_NAME)";
				SWIFT_OBJC_BRIDGING_HEADER = "UniOrient/UniOrient-Bridging-Header.h";
				SWIFT_VERSION = 4.2;
				TARGETED_DEVICE_FAMILY = 1;
			};
			name = Release;
		};
/* End XCBuildConfiguration section */

/* Begin XCConfigurationList section */
		18094545224BAABA00D98F0A /* Build configuration list for PBXProject "UniOrient" */ = {
			isa = XCConfigurationList;
			buildConfigurations = (
				1809455A224BAACE00D98F0A /* Debug */,
				1809455B224BAACE00D98F0A /* Release */,
			);
			defaultConfigurationIsVisible = 0;
			defaultConfigurationName = Release;
		};
		1809455C224BAACE00D98F0A /* Build configuration list for PBXNativeTarget "UniOrient" */ = {
			isa = XCConfigurationList;
			buildConfigurations = (
				1809455D224BAACE00D98F0A /* Debug */,
				1809455E224BAACE00D98F0A /* Release */,
			);
			defaultConfigurationIsVisible = 0;
			defaultConfigurationName = Release;
		};
/* End XCConfigurationList section */
	};
	rootObject = 18094542224BAABA00D98F0A /* Project object */;
}
